{
  "lockfileVersion": 1,
  "configVersion": 1,
  "workspaces": {
    "": {
      "dependencies": {
        "@dagger.io/dagger": "0.19.11",
      },
    },
  },
  "packages": {
    "@dagger.io/dagger": ["@dagger.io/dagger@0.19.11", "", { "dependencies": { "@grpc/grpc-js": "^1.14.3", "@lifeomic/axios-fetch": "^3.1.0", "@opentelemetry/api": "^1.9.0", "@opentelemetry/core": "^2.3.0", "@opentelemetry/exporter-jaeger": "^2.3.0", "@opentelemetry/exporter-trace-otlp-http": "^0.209.0", "@opentelemetry/sdk-metrics": "^2.3.0", "@opentelemetry/sdk-node": "^0.209.0", "@opentelemetry/semantic-conventions": "^1.38.0", "adm-zip": "^0.5.16", "env-paths": "^3.0.0", "execa": "^9.6.1", "graphql": "^16.12.0", "graphql-request": "^7.4.0", "graphql-tag": "^2.12.6", "node-color-log": "^13.0.3", "node-fetch": "^3.3.2", "reflect-metadata": "^0.2.2", "tar": "^7.5.7", "typescript": "^5.9.3" } }, "sha512-ijoznifB1fVzi7KEOemfZ7umUxNMLA/FSO9BltoQpCPJD3NhluoB8lnI2DWD+pts2uzWO8Exy6U0GS0sAlF4Vg=="],

    "@graphql-typed-document-node/core": ["@graphql-typed-document-node/core@3.2.0", "", { "peerDependencies": { "graphql": "^0.8.0 || ^0.9.0 || ^0.10.0 || ^0.11.0 || ^0.12.0 || ^0.13.0 || ^14.0.0 || ^15.0.0 || ^16.0.0 || ^17.0.0" } }, "sha512-mB9oAsNCm9aM3/SOv4YtBMqZbYj10R7dkq8byBqxGY/ncFwhf2oQzMV+LCRlWoDSEBJ3COiR1yeDvMtsoOsuFQ=="],

    "@grpc/grpc-js": ["@grpc/grpc-js@1.14.4", "", { "dependencies": { "@grpc/proto-loader": "^0.8.0", "@js-sdsl/ordered-map": "^4.4.2" } }, "sha512-k9Dj3DV/itK9D06Y8f190Qgop7/Ui+D0njFV3LHMPwPT75DpXLQohE9Wmz0QElrJnzsjB7KPWiKJbOl7IPDArQ=="],

    "@grpc/proto-loader": ["@grpc/proto-loader@0.8.1", "", { "dependencies": { "lodash.camelcase": "^4.3.0", "long": "^5.0.0", "protobufjs": "^7.5.5", "yargs": "^17.7.2" }, "bin": { "proto-loader-gen-types": "build/bin/proto-loader-gen-types.js" } }, "sha512-wtF6h+DY6M3YaDBPAmvuuA6jV8Sif9MjtOI5euKFWRgCDl5PeDpPsHR9u2l6St5ceY8AZgoNDww5+HvEsXFsGg=="],

    "@isaacs/fs-minipass": ["@isaacs/fs-minipass@4.0.1", "", { "dependencies": { "minipass": "^7.0.4" } }, "sha512-wgm9Ehl2jpeqP3zw/7mo3kRHFp5MEDhqAdwy1fTGkHAwnkGOVsgpvQhL8B5n1qlb01jV3n/bI0ZfZp5lWA1k4w=="],

    "@js-sdsl/ordered-map": ["@js-sdsl/ordered-map@4.4.2", "", {}, "sha512-iUKgm52T8HOE/makSxjqoWhe95ZJA1/G1sYsGev2JDKUSS14KAgg1LHb+Ba+IPow0xflbnSkOsZcO08C7w1gYw=="],

    "@lifeomic/axios-fetch": ["@lifeomic/axios-fetch@3.1.0", "", { "dependencies": { "@types/node-fetch": "^2.5.10" } }, "sha512-C6ceAnh8W19KuekFsCiK1A+AMBirQFTnoEqMZQ7HE6VXJ18zjGofdXxLU8RTo2gZp/yZK5ufmPwIvRtejj1gxg=="],

    "@opentelemetry/api": ["@opentelemetry/api@1.9.1", "", {}, "sha512-gLyJlPHPZYdAk1JENA9LeHejZe1Ti77/pTeFm/nMXmQH/HFZlcS/O2XJB+L8fkbrNSqhdtlvjBVjxwUYanNH5Q=="],

    "@opentelemetry/api-logs": ["@opentelemetry/api-logs@0.209.0", "", { "dependencies": { "@opentelemetry/api": "^1.3.0" } }, "sha512-xomnUNi7TiAGtOgs0tb54LyrjRZLu9shJGGwkcN7NgtiPYOpNnKLkRJtzZvTjD/w6knSZH9sFZcUSUovYOPg6A=="],

    "@opentelemetry/configuration": ["@opentelemetry/configuration@0.209.0", "", { "dependencies": { "@opentelemetry/core": "2.3.0", "yaml": "^2.0.0" }, "peerDependencies": { "@opentelemetry/api": "^1.9.0" } }, "sha512-naJLdv5PDvz2CEZh0XfLM5vZgPc/y+Xr4UW+Gj6jm3AkcGaknIUHSD54lA3G3s6Y32mkQbhlxMTbM97KUwsogQ=="],

    "@opentelemetry/context-async-hooks": ["@opentelemetry/context-async-hooks@2.3.0", "", { "peerDependencies": { "@opentelemetry/api": ">=1.0.0 <1.10.0" } }, "sha512-hGcsT0qDP7Il1L+qT3JFpiGl1dCjF794Bb4yCRCYdr7XC0NwHtOF3ngF86Gk6TUnsakbyQsDQ0E/S4CU0F4d4g=="],

    "@opentelemetry/core": ["@opentelemetry/core@2.10.0", "", { "dependencies": { "@opentelemetry/semantic-conventions": "^1.29.0" }, "peerDependencies": { "@opentelemetry/api": ">=1.0.0 <1.10.0" } }, "sha512-/wNZ8twnEQQA4HoHu22+vcsdru6pWPWxW+7w+FlxT6Id7PE/WIbZmVKkte+PF72e0F2dnImFeHD2syyE1Mw6MQ=="],

    "@opentelemetry/exporter-jaeger": ["@opentelemetry/exporter-jaeger@2.10.0", "", { "dependencies": { "@opentelemetry/core": "2.10.0", "@opentelemetry/sdk-trace": "2.10.0", "@opentelemetry/semantic-conventions": "^1.29.0", "jaeger-client": "^3.15.0" }, "peerDependencies": { "@opentelemetry/api": "^1.0.0" } }, "sha512-auN3g7DdBi3xrrL1hCJdAzEtDZOdXTBaydssoS2INcOOayo/EST5bDKKOSXFA6G0SllQd8YZXhz470xMdGj8yg=="],

    "@opentelemetry/exporter-logs-otlp-grpc": ["@opentelemetry/exporter-logs-otlp-grpc@0.209.0", "", { "dependencies": { "@grpc/grpc-js": "^1.7.1", "@opentelemetry/core": "2.3.0", "@opentelemetry/otlp-exporter-base": "0.209.0", "@opentelemetry/otlp-grpc-exporter-base": "0.209.0", "@opentelemetry/otlp-transformer": "0.209.0", "@opentelemetry/sdk-logs": "0.209.0" }, "peerDependencies": { "@opentelemetry/api": "^1.3.0" } }, "sha512-dQFCxgti3PDjjulxi9tGKqh86YQOZoVKy21m1fEJX9lEn+Afq1Qo1lR86+8Bc+PuBA9EFs1csAV8Z7BNuOvCPA=="],

    "@opentelemetry/exporter-logs-otlp-http": ["@opentelemetry/exporter-logs-otlp-http@0.209.0", "", { "dependencies": { "@opentelemetry/api-logs": "0.209.0", "@opentelemetry/core": "2.3.0", "@opentelemetry/otlp-exporter-base": "0.209.0", "@opentelemetry/otlp-transformer": "0.209.0", "@opentelemetry/sdk-logs": "0.209.0" }, "peerDependencies": { "@opentelemetry/api": "^1.3.0" } }, "sha512-8sI1bDnoIRzCmT5zX2pNY2I+jD0UEoBr54dzvuzi1oz8Tt0Q9H6d8Bfn5+WoJJaGByewbSwoe8EtaBgSK74jKQ=="],

    "@opentelemetry/exporter-logs-otlp-proto": ["@opentelemetry/exporter-logs-otlp-proto@0.209.0", "", { "dependencies": { "@opentelemetry/api-logs": "0.209.0", "@opentelemetry/core": "2.3.0", "@opentelemetry/otlp-exporter-base": "0.209.0", "@opentelemetry/otlp-transformer": "0.209.0", "@opentelemetry/resources": "2.3.0", "@opentelemetry/sdk-logs": "0.209.0", "@opentelemetry/sdk-trace-base": "2.3.0" }, "peerDependencies": { "@opentelemetry/api": "^1.3.0" } }, "sha512-wf8Nt5BTyT6ZjKA7c9zMhTTcsPedVXQ+j2oTuKB2uzvr13zgVrbRJ2U4Z6jBoiYst4d+qR7Iga7rGI51KWrjbw=="],

    "@opentelemetry/exporter-metrics-otlp-grpc": ["@opentelemetry/exporter-metrics-otlp-grpc@0.209.0", "", { "dependencies": { "@grpc/grpc-js": "^1.7.1", "@opentelemetry/core": "2.3.0", "@opentelemetry/exporter-metrics-otlp-http": "0.209.0", "@opentelemetry/otlp-exporter-base": "0.209.0", "@opentelemetry/otlp-grpc-exporter-base": "0.209.0", "@opentelemetry/otlp-transformer": "0.209.0", "@opentelemetry/resources": "2.3.0", "@opentelemetry/sdk-metrics": "2.3.0" }, "peerDependencies": { "@opentelemetry/api": "^1.3.0" } }, "sha512-YaqQlwSbpyS3yHyVdY7D/FNjq8XzJw9cshyDs++HkPXK7fTat9NqbBio33n3zx1rEW+eEdHzlnaSxkATZxBa5w=="],

    "@opentelemetry/exporter-metrics-otlp-http": ["@opentelemetry/exporter-metrics-otlp-http@0.209.0", "", { "dependencies": { "@opentelemetry/core": "2.3.0", "@opentelemetry/otlp-exporter-base": "0.209.0", "@opentelemetry/otlp-transformer": "0.209.0", "@opentelemetry/resources": "2.3.0", "@opentelemetry/sdk-metrics": "2.3.0" }, "peerDependencies": { "@opentelemetry/api": "^1.3.0" } }, "sha512-XVRnuoaQJ9UNNk6Us/GTs20B+dN6gq0q/pb2Is72XJPnVjszLGyNoteQrlexDFos1OS6vnmTs/FnmIvcrsYy5A=="],

    "@opentelemetry/exporter-metrics-otlp-proto": ["@opentelemetry/exporter-metrics-otlp-proto@0.209.0", "", { "dependencies": { "@opentelemetry/core": "2.3.0", "@opentelemetry/exporter-metrics-otlp-http": "0.209.0", "@opentelemetry/otlp-exporter-base": "0.209.0", "@opentelemetry/otlp-transformer": "0.209.0", "@opentelemetry/resources": "2.3.0", "@opentelemetry/sdk-metrics": "2.3.0" }, "peerDependencies": { "@opentelemetry/api": "^1.3.0" } }, "sha512-XyN2inpV9N1OP0Nq+lEjYnf5W6tx2xC4cNxSJ9QI4E+EpY5ND6tRenVSsPOtNbAaWEsH2Bny+I90WUei7UW0MA=="],

    "@opentelemetry/exporter-prometheus": ["@opentelemetry/exporter-prometheus@0.209.0", "", { "dependencies": { "@opentelemetry/core": "2.3.0", "@opentelemetry/resources": "2.3.0", "@opentelemetry/sdk-metrics": "2.3.0" }, "peerDependencies": { "@opentelemetry/api": "^1.3.0" } }, "sha512-+exk5rU32/OFvvgdT4g8OV4jyuhON4tzLXXhEYBPQv0WrlcD6DJT2iw4F+2QLiMONOIgSV+f0NTo+0HZKFUa/g=="],

    "@opentelemetry/exporter-trace-otlp-grpc": ["@opentelemetry/exporter-trace-otlp-grpc@0.209.0", "", { "dependencies": { "@grpc/grpc-js": "^1.7.1", "@opentelemetry/core": "2.3.0", "@opentelemetry/otlp-exporter-base": "0.209.0", "@opentelemetry/otlp-grpc-exporter-base": "0.209.0", "@opentelemetry/otlp-transformer": "0.209.0", "@opentelemetry/resources": "2.3.0", "@opentelemetry/sdk-trace-base": "2.3.0" }, "peerDependencies": { "@opentelemetry/api": "^1.3.0" } }, "sha512-UVPX9BGDpqc6on4TaWEB8kZl8ofKtuD+/l1uorEqeU4agl1iHjPFHcn39u4Q5DrArSKK+8Ob7yIM0wLehvJkhQ=="],

    "@opentelemetry/exporter-trace-otlp-http": ["@opentelemetry/exporter-trace-otlp-http@0.209.0", "", { "dependencies": { "@opentelemetry/core": "2.3.0", "@opentelemetry/otlp-exporter-base": "0.209.0", "@opentelemetry/otlp-transformer": "0.209.0", "@opentelemetry/resources": "2.3.0", "@opentelemetry/sdk-trace-base": "2.3.0" }, "peerDependencies": { "@opentelemetry/api": "^1.3.0" } }, "sha512-mqTGX3brr+aoDZgrx+m/9OKgCAh/Ufv0OpqmozN9L9z39IGtkvcMMjFGio061PjOB9fBzrsB8jYapYscVeve2g=="],

    "@opentelemetry/exporter-trace-otlp-proto": ["@opentelemetry/exporter-trace-otlp-proto@0.209.0", "", { "dependencies": { "@opentelemetry/core": "2.3.0", "@opentelemetry/otlp-exporter-base": "0.209.0", "@opentelemetry/otlp-transformer": "0.209.0", "@opentelemetry/resources": "2.3.0", "@opentelemetry/sdk-trace-base": "2.3.0" }, "peerDependencies": { "@opentelemetry/api": "^1.3.0" } }, "sha512-+bZvcwc/XahdFor3Wa3Yz8HmTkQLzZh369XuHWuujrkrkC0bW3/7ZfViWUR7lieneuTu2BWFbMu3N1wj2euCAg=="],

    "@opentelemetry/exporter-zipkin": ["@opentelemetry/exporter-zipkin@2.3.0", "", { "dependencies": { "@opentelemetry/core": "2.3.0", "@opentelemetry/resources": "2.3.0", "@opentelemetry/sdk-trace-base": "2.3.0", "@opentelemetry/semantic-conventions": "^1.29.0" }, "peerDependencies": { "@opentelemetry/api": "^1.0.0" } }, "sha512-v26Cf5HX7fnKxjiQ7gnKTx0pHuuUNzicIQgFbn9GsD54ozy55+ESQmk4cBUSBOBtnEdUpTx3GEHA65ksJvzRcA=="],

    "@opentelemetry/instrumentation": ["@opentelemetry/instrumentation@0.209.0", "", { "dependencies": { "@opentelemetry/api-logs": "0.209.0", "import-in-the-middle": "^2.0.0", "require-in-the-middle": "^8.0.0" }, "peerDependencies": { "@opentelemetry/api": "^1.3.0" } }, "sha512-Cwe863ojTCnFlxVuuhG7s6ODkAOzKsAEthKAcI4MDRYz1OmGWYnmSl4X2pbyS+hBxVTdvfZePfoEA01IjqcEyw=="],

    "@opentelemetry/otlp-exporter-base": ["@opentelemetry/otlp-exporter-base@0.209.0", "", { "dependencies": { "@opentelemetry/core": "2.3.0", "@opentelemetry/otlp-transformer": "0.209.0" }, "peerDependencies": { "@opentelemetry/api": "^1.3.0" } }, "sha512-co5H3wptA8itNf14dOBQBtNlEagMnRf52eo3BC8PwnROrcDfuPw27CjhkxX0+7ywoyOOunwzMWzvig2Qe/Gqlg=="],

    "@opentelemetry/otlp-grpc-exporter-base": ["@opentelemetry/otlp-grpc-exporter-base@0.209.0", "", { "dependencies": { "@grpc/grpc-js": "^1.7.1", "@opentelemetry/core": "2.3.0", "@opentelemetry/otlp-exporter-base": "0.209.0", "@opentelemetry/otlp-transformer": "0.209.0" }, "peerDependencies": { "@opentelemetry/api": "^1.3.0" } }, "sha512-4U+9twc/yzTWWFWLaNkL9nl4i163/+y1KuonLY/57IHEdLsSkEW74A1XMRC9+4CgYpRxtEEiT4Gi9yUl49CFJQ=="],

    "@opentelemetry/otlp-transformer": ["@opentelemetry/otlp-transformer@0.209.0", "", { "dependencies": { "@opentelemetry/api-logs": "0.209.0", "@opentelemetry/core": "2.3.0", "@opentelemetry/resources": "2.3.0", "@opentelemetry/sdk-logs": "0.209.0", "@opentelemetry/sdk-metrics": "2.3.0", "@opentelemetry/sdk-trace-base": "2.3.0", "protobufjs": "8.0.0" }, "peerDependencies": { "@opentelemetry/api": "^1.3.0" } }, "sha512-YITtvJIrzEa1Okbjv9lwJluZVXYM6SuafpQTi0hOTCosa7lu/EA7azvpoJx12EReBZqBm+3Wh0Zabm/01RjNJA=="],

    "@opentelemetry/propagator-b3": ["@opentelemetry/propagator-b3@2.3.0", "", { "dependencies": { "@opentelemetry/core": "2.3.0" }, "peerDependencies": { "@opentelemetry/api": ">=1.0.0 <1.10.0" } }, "sha512-afilfxwb6THEpZknzwDknGR6YL3xe4u7lq8drf18wAdXhtXjK1mHb8DuhbjR55v0j+U1oiToEmAS1TwY4xj46w=="],

    "@opentelemetry/propagator-jaeger": ["@opentelemetry/propagator-jaeger@2.3.0", "", { "dependencies": { "@opentelemetry/core": "2.3.0" }, "peerDependencies": { "@opentelemetry/api": ">=1.0.0 <1.10.0" } }, "sha512-1SPtVuU5wF9NSrkpdu78B2Nta+Vi7xjRRZ2OGhmV1Ju8TSsTL4LCrty9uBxPdkGI4J/HISwRsaMt8GdM4P3HqA=="],

    "@opentelemetry/resources": ["@opentelemetry/resources@2.3.0", "", { "dependencies": { "@opentelemetry/core": "2.3.0", "@opentelemetry/semantic-conventions": "^1.29.0" }, "peerDependencies": { "@opentelemetry/api": ">=1.3.0 <1.10.0" } }, "sha512-shlr2l5g+87J8wqYlsLyaUsgKVRO7RtX70Ckd5CtDOWtImZgaUDmf4Z2ozuSKQLM2wPDR0TE/3bPVBNJtRm/cQ=="],

    "@opentelemetry/sdk-logs": ["@opentelemetry/sdk-logs@0.209.0", "", { "dependencies": { "@opentelemetry/api-logs": "0.209.0", "@opentelemetry/core": "2.3.0", "@opentelemetry/resources": "2.3.0" }, "peerDependencies": { "@opentelemetry/api": ">=1.4.0 <1.10.0" } }, "sha512-dGlYTZaLQaj1GlKWIcWDQofSyKu+Nbq28Rcqo6meQ60OhSune1Wn+dnOQPwQnI6nfhWoTxGR00EJm1UCrkR2Gg=="],

    "@opentelemetry/sdk-metrics": ["@opentelemetry/sdk-metrics@2.10.0", "", { "dependencies": { "@opentelemetry/core": "2.10.0", "@opentelemetry/resources": "2.10.0" }, "peerDependencies": { "@opentelemetry/api": ">=1.9.0 <1.10.0" } }, "sha512-t6r1VSvXNtSDnPXU1FbZeetJb7yyovHmgu0wRSoftxtE0g2rSNhQZQUy69sRUCL+iioJpX8SN/S6wq6ZtvLySQ=="],

    "@opentelemetry/sdk-node": ["@opentelemetry/sdk-node@0.209.0", "", { "dependencies": { "@opentelemetry/api-logs": "0.209.0", "@opentelemetry/configuration": "0.209.0", "@opentelemetry/context-async-hooks": "2.3.0", "@opentelemetry/core": "2.3.0", "@opentelemetry/exporter-logs-otlp-grpc": "0.209.0", "@opentelemetry/exporter-logs-otlp-http": "0.209.0", "@opentelemetry/exporter-logs-otlp-proto": "0.209.0", "@opentelemetry/exporter-metrics-otlp-grpc": "0.209.0", "@opentelemetry/exporter-metrics-otlp-http": "0.209.0", "@opentelemetry/exporter-metrics-otlp-proto": "0.209.0", "@opentelemetry/exporter-prometheus": "0.209.0", "@opentelemetry/exporter-trace-otlp-grpc": "0.209.0", "@opentelemetry/exporter-trace-otlp-http": "0.209.0", "@opentelemetry/exporter-trace-otlp-proto": "0.209.0", "@opentelemetry/exporter-zipkin": "2.3.0", "@opentelemetry/instrumentation": "0.209.0", "@opentelemetry/propagator-b3": "2.3.0", "@opentelemetry/propagator-jaeger": "2.3.0", "@opentelemetry/resources": "2.3.0", "@opentelemetry/sdk-logs": "0.209.0", "@opentelemetry/sdk-metrics": "2.3.0", "@opentelemetry/sdk-trace-base": "2.3.0", "@opentelemetry/sdk-trace-node": "2.3.0", "@opentelemetry/semantic-conventions": "^1.29.0" }, "peerDependencies": { "@opentelemetry/api": ">=1.3.0 <1.10.0" } }, "sha512-r1f8i6Gl/hpWnFP6rARBL6ZLOdheJin6HfTwgkjXmLH7T3+Ef7f2ATF8ERyqvP1ESY/gEyeBc0o6dQs3MjaO6Q=="],

    "@opentelemetry/sdk-trace": ["@opentelemetry/sdk-trace@2.10.0", "", { "dependencies": { "@opentelemetry/core": "2.10.0", "@opentelemetry/resources": "2.10.0", "@opentelemetry/semantic-conventions": "^1.29.0" }, "peerDependencies": { "@opentelemetry/api": ">=1.3.0 <1.10.0" } }, "sha512-MfQGq3GRmTh5fM/y+OjaO0vj6+luCB1XO2gfXCalKCfgKw0eHL++sm75DNweC6ohlp+aFvACqeE0fYayqdRaoQ=="],

    "@opentelemetry/sdk-trace-base": ["@opentelemetry/sdk-trace-base@2.3.0", "", { "dependencies": { "@opentelemetry/core": "2.3.0", "@opentelemetry/resources": "2.3.0", "@opentelemetry/semantic-conventions": "^1.29.0" }, "peerDependencies": { "@opentelemetry/api": ">=1.3.0 <1.10.0" } }, "sha512-B0TQ2e9h0ETjpI+eGmCz8Ojb+lnYms0SE3jFwEKrN/PK4aSVHU28AAmnOoBmfub+I3jfgPwvDJgomBA5a7QehQ=="],

    "@opentelemetry/sdk-trace-node": ["@opentelemetry/sdk-trace-node@2.3.0", "", { "dependencies": { "@opentelemetry/context-async-hooks": "2.3.0", "@opentelemetry/core": "2.3.0", "@opentelemetry/sdk-trace-base": "2.3.0" }, "peerDependencies": { "@opentelemetry/api": ">=1.0.0 <1.10.0" } }, "sha512-oGsG3vIiC8zYjOWE4CgtS6d2gQhp4pT04AI9UL1wtJOxTSNVZiiIPgHnOp/qKJSwkD4YJHSohi6inSilPmGM2Q=="],

    "@opentelemetry/semantic-conventions": ["@opentelemetry/semantic-conventions@1.43.0", "", {}, "sha512-eSYWTm620tTk45EKSedaUL8MFYI8hW164hIXsgIHyxu3VobUB3fFCu5t0hQby6OoWRPsG1KkKUG2M5UadiLiVg=="],

    "@protobufjs/aspromise": ["@protobufjs/aspromise@1.1.2", "", {}, "sha512-j+gKExEuLmKwvz3OgROXtrJ2UG2x8Ch2YZUxahh+s1F2HZ+wAceUNLkvy6zKCPVRkU++ZWQrdxsUeQXmcg4uoQ=="],

    "@protobufjs/base64": ["@protobufjs/base64@1.1.2", "", {}, "sha512-AZkcAA5vnN/v4PDqKyMR5lx7hZttPDgClv83E//FMNhR2TMcLUhfRUBHCmSl0oi9zMgDDqRUJkSxO3wm85+XLg=="],

    "@protobufjs/codegen": ["@protobufjs/codegen@2.0.5", "", {}, "sha512-zgXFLzW3Ap33e6d0Wlj4MGIm6Ce8O89n/apUaGNB/jx+hw+ruWEp7EwGUshdLKVRCxZW12fp9r40E1mQrf/34g=="],

    "@protobufjs/eventemitter": ["@protobufjs/eventemitter@1.1.1", "", {}, "sha512-vW1GmwMZNnL+gMRaovlh9yZX74kc+TTU3FObkkurpMaRtBfLP3ldjS9KQWlwZgraRE0+dheEEoAxdzcJQ8eXZg=="],

    "@protobufjs/fetch": ["@protobufjs/fetch@1.1.1", "", { "dependencies": { "@protobufjs/aspromise": "^1.1.1" } }, "sha512-GpptLrs57adMSuHi3VNj0mAF8dwh36LMaYF6XyJ6JMWlVsc+t42tm1HSEDmOs3A8fC9yyeisgLhsTVQokOZ0zw=="],

    "@protobufjs/float": ["@protobufjs/float@1.0.2", "", {}, "sha512-Ddb+kVXlXst9d+R9PfTIxh1EdNkgoRe5tOX6t01f1lYWOvJnSPDBlG241QLzcyPdoNTsblLUdujGSE4RzrTZGQ=="],

    "@protobufjs/inquire": ["@protobufjs/inquire@1.1.2", "", {}, "sha512-pa0vFRuws4wkvaXKK1uXZMAwAX4/t8ANaJo45iw/oQHNQ9q5xUzwgFmVJGXiga2BeN+zpX7Vf9vmsiIa2J+MUw=="],

    "@protobufjs/path": ["@protobufjs/path@1.1.2", "", {}, "sha512-6JOcJ5Tm08dOHAbdR3GrvP+yUUfkjG5ePsHYczMFLq3ZmMkAD98cDgcT2iA1lJ9NVwFd4tH/iSSoe44YWkltEA=="],

    "@protobufjs/pool": ["@protobufjs/pool@1.1.0", "", {}, "sha512-0kELaGSIDBKvcgS4zkjz1PeddatrjYcmMWOlAuAPwAeccUrPHdUqo/J6LiymHHEiJT5NrF1UVwxY14f+fy4WQw=="],

    "@protobufjs/utf8": ["@protobufjs/utf8@1.1.2", "", {}, "sha512-b1UQwcEZ4yCnMCD8DAL1VlbvBJE9/IX4FTIp7BG1xYpf29SLazLSrqUkj4w7Y5y7cCVP6E5tcqqcI0xemPkHug=="],

    "@sec-ant/readable-stream": ["@sec-ant/readable-stream@0.4.1", "", {}, "sha512-831qok9r2t8AlxLko40y2ebgSDhenenCatLVeW/uBtnHPyhHOvG0C7TvfgecV+wHzIm5KUICgzmVpWS+IMEAeg=="],

    "@sindresorhus/merge-streams": ["@sindresorhus/merge-streams@4.0.0", "", {}, "sha512-tlqY9xq5ukxTUZBmoOp+m61cqwQD5pHJtFY3Mn8CA8ps6yghLH/Hw8UPdqg4OLmFW3IFlcXnQNmo/dh8HzXYIQ=="],

    "@types/node": ["@types/node@26.4.0", "", { "dependencies": { "undici-types": "~8.3.0" } }, "sha512-faiGnoIrLH/V8cibOMEAZ8pMw6oXqSukl29ra4mN8GdaB2ZewzeaLj+INpV5N+Z1eKWzY+IzaIZH2EIR6YZRNQ=="],

    "@types/node-fetch": ["@types/node-fetch@2.6.13", "", { "dependencies": { "@types/node": "*", "form-data": "^4.0.4" } }, "sha512-QGpRVpzSaUs30JBSGPjOg4Uveu384erbHBoT1zeONvyCfwQxIkUshLAOqN/k9EjGviPRmWTTe6aH2qySWKTVSw=="],

    "acorn": ["acorn@8.18.0", "", { "bin": { "acorn": "bin/acorn" } }, "sha512-lGq+9yr1/GuAWaVYIHRjvvySG5/4VfKIvC8EWxStPdcDh/Ka7FG3twP6v4d5BkravUilhIAsG4Qj83t02LWUPQ=="],

    "acorn-import-attributes": ["acorn-import-attributes@1.9.5", "", { "peerDependencies": { "acorn": "^8" } }, "sha512-n02Vykv5uA3eHGM/Z2dQrcD56kL8TyDb2p1+0P83PClMnC/nc+anbQRhIOWnSq4Ke/KvDPrY3C9hDtC/A3eHnQ=="],

    "adm-zip": ["adm-zip@0.5.18", "", {}, "sha512-ufJnssQGbxzLNS1Ho9bCtX4rQKCCvoVuDLHoJyc3F9dOGDB4BkWs2Ci0kv53lqocAEQ/Cbi+I2XCsNYGqVYqng=="],

    "ansi-color": ["ansi-color@0.2.2", "", {}, "sha512-qPx7iZZDHITYrrfzaUFXQpIcF2xYifcQHQflP1pFz8yY3lfU6GgCHb0+hJD7nimYKO7f2iaYYwBpZ+GaNcAhcA=="],

    "ansi-regex": ["ansi-regex@5.0.1", "", {}, "sha512-quJQXlTSUGL2LH9SUXo8VwsY4soanhgo6LNSm84E1LBcE8s3O0wpdiRzyR9z/ZZJMlMWv37qOOb9pdJlMUEKFQ=="],

    "ansi-styles": ["ansi-styles@4.3.0", "", { "dependencies": { "color-convert": "^2.0.1" } }, "sha512-zbB9rCJAT1rbjiVDb2hqKFHNYLxgtk8NURxZ3IZwD3F6NtxbXZQCnnSi1Lkx+IDohdPlFp222wVALIheZJQSEg=="],

    "asynckit": ["asynckit@0.4.0", "", {}, "sha512-Oei9OH4tRh0YqU3GxhX79dM/mwVgvbZJaSNaRk+bshkj0S5cfHcgYakreBjrHwatXKbz+IoIdYLxrKim2MjW0Q=="],

    "bufrw": ["bufrw@1.4.0", "", { "dependencies": { "ansi-color": "^0.2.1", "error": "^7.0.0", "hexer": "^1.5.0", "xtend": "^4.0.0" } }, "sha512-sWm8iPbqvL9+5SiYxXH73UOkyEbGQg7kyHQmReF89WJHQJw2eV4P/yZ0E+b71cczJ4pPobVhXxgQcmfSTgGHxQ=="],

    "call-bind-apply-helpers": ["call-bind-apply-helpers@1.0.2", "", { "dependencies": { "es-errors": "^1.3.0", "function-bind": "^1.1.2" } }, "sha512-Sp1ablJ0ivDkSzjcaJdxEunN5/XvksFJ2sMBFfq6x0ryhQV/2b/KwFe21cMpmHtPOSij8K99/wSfoEuTObmuMQ=="],

    "chownr": ["chownr@3.0.0", "", {}, "sha512-+IxzY9BZOQd/XuYPRmrvEVjF/nqj5kgT4kEq7VofrDoM1MxoRjEWkrCC3EtLi59TVawxTAn+orJwFQcrqEN1+g=="],

    "cjs-module-lexer": ["cjs-module-lexer@2.2.1", "", {}, "sha512-Ca8swihM+/4yKecYHY52kgJd300hi2lADU/a1RxNTRe+RJ9jvqQlESpbz9DnG9mowez8qwXHB8qYdIUw9e+F5Q=="],

    "cliui": ["cliui@8.0.1", "", { "dependencies": { "string-width": "^4.2.0", "strip-ansi": "^6.0.1", "wrap-ansi": "^7.0.0" } }, "sha512-BSeNnyus75C4//NQ9gQt1/csTXyo/8Sb+afLAkzAptFuMsod9HFokGNudZpi/oQV73hnVK+sR+5PVRMd+Dr7YQ=="],

    "color-convert": ["color-convert@2.0.1", "", { "dependencies": { "color-name": "~1.1.4" } }, "sha512-RRECPsj7iu/xb5oKYcsFHSppFNnsj/52OVTRKb4zP5onXwVF3zVmmToNcOfGC+CRDpfK/U584fMg38ZHCaElKQ=="],

    "color-name": ["color-name@1.1.4", "", {}, "sha512-dOy+3AuW3a2wNbZHIuMZpTcgjGuLU/uBL/ubcZF9OXbDo8ff4O8yVp5Bf0efS8uEoYo5q4Fx7dY9OgQGXgAsQA=="],

    "combined-stream": ["combined-stream@1.0.8", "", { "dependencies": { "delayed-stream": "~1.0.0" } }, "sha512-FQN4MRfuJeHf7cBbBMJFXhKSDq+2kAArBlmRBvcvFE5BB1HZKXtSFASDhdlz9zOYwxh8lDdnvmMOe/+5cdoEdg=="],

    "cross-spawn": ["cross-spawn@7.0.6", "", { "dependencies": { "path-key": "^3.1.0", "shebang-command": "^2.0.0", "which": "^2.0.1" } }, "sha512-uV2QOWP2nWzsy2aMp8aRibhi9dlzF5Hgh5SHaB9OiTGEyDTiJJyx0uy51QXdyWbtAHNua4XJzUKca3OzKUd3vA=="],

    "data-uri-to-buffer": ["data-uri-to-buffer@4.0.1", "", {}, "sha512-0R9ikRb668HB7QDxT1vkpuUBtqc53YyAwMwGeUFKRojY/NWKvdZ+9UYtRfGmhqNbRkTSVpMbmyhXipFFv2cb/A=="],

    "debug": ["debug@4.4.3", "", { "dependencies": { "ms": "^2.1.3" } }, "sha512-RGwwWnwQvkVfavKVt22FGLw+xYSdzARwm0ru6DhTVA3umU5hZc28V3kO4stgYryrTlLpuvgI9GiijltAjNbcqA=="],

    "delayed-stream": ["delayed-stream@1.0.0", "", {}, "sha512-ZySD7Nf91aLB0RxL4KGrKHBXl7Eds1DAmEdcoVawXnLD7SDhpNgtuII2aAkg7a7QS41jxPSZ17p4VdGnMHk3MQ=="],

    "dunder-proto": ["dunder-proto@1.0.1", "", { "dependencies": { "call-bind-apply-helpers": "^1.0.1", "es-errors": "^1.3.0", "gopd": "^1.2.0" } }, "sha512-KIN/nDJBQRcXw0MLVhZE9iQHmG68qAVIBg9CqmUYjmQIhgij9U5MFvrqkUL5FbtyyzZuOeOt0zdeRe4UY7ct+A=="],

    "emoji-regex": ["emoji-regex@8.0.0", "", {}, "sha512-MSjYzcWNOA0ewAHpz0MxpYFvwg6yjy1NG3xteoqz644VCo/RPgnr1/GGt+ic3iJTzQ8Eu3TdM14SawnVUmGE6A=="],

    "env-paths": ["env-paths@3.0.0", "", {}, "sha512-dtJUTepzMW3Lm/NPxRf3wP4642UWhjL2sQxc+ym2YMj1m/H2zDNQOlezafzkHwn6sMstjHTwG6iQQsctDW/b1A=="],

    "error": ["error@7.0.2", "", { "dependencies": { "string-template": "~0.2.1", "xtend": "~4.0.0" } }, "sha512-UtVv4l5MhijsYUxPJo4390gzfZvAnTHreNnDjnTZaKIiZ/SemXxAhBkYSKtWa5RtBXbLP8tMgn/n0RUa/H7jXw=="],

    "es-define-property": ["es-define-property@1.0.1", "", {}, "sha512-e3nRfgfUZ4rNGL232gUgX06QNyyez04KdjFrF+LTRoOXmrOgFKDg4BCdsjW8EnT69eqdYGmRpJwiPVYNrCaW3g=="],

    "es-errors": ["es-errors@1.3.0", "", {}, "sha512-Zf5H2Kxt2xjTvbJvP2ZWLEICxA6j+hAmMzIlypy4xcBg1vKVnx89Wy0GbS+kf5cwCVFFzdCFh2XSCFNULS6csw=="],

    "es-object-atoms": ["es-object-atoms@1.1.2", "", { "dependencies": { "es-errors": "^1.3.0" } }, "sha512-HWcBoN6NileqtSydK2FqHbS/LoDd2pqrnQHLyJzBj4kOp/ky2MWMN694xOfkK8/SnUsW2DH7EfyVlydKCsm1Zw=="],

    "es-set-tostringtag": ["es-set-tostringtag@2.1.0", "", { "dependencies": { "es-errors": "^1.3.0", "get-intrinsic": "^1.2.6", "has-tostringtag": "^1.0.2", "hasown": "^2.0.2" } }, "sha512-j6vWzfrGVfyXxge+O0x5sh6cvxAog0a/4Rdd2K36zCMV5eJ+/+tOAngRO8cODMNWbVRdVlmGZQL2YS3yR8bIUA=="],

    "escalade": ["escalade@3.2.0", "", {}, "sha512-WUj2qlxaQtO4g6Pq5c29GTcWGDyd8itL8zTlipgECz3JesAiiOKotd8JU6otB3PACgG6xkJUyVhboMS+bje/jA=="],

    "execa": ["execa@9.6.1", "", { "dependencies": { "@sindresorhus/merge-streams": "^4.0.0", "cross-spawn": "^7.0.6", "figures": "^6.1.0", "get-stream": "^9.0.0", "human-signals": "^8.0.1", "is-plain-obj": "^4.1.0", "is-stream": "^4.0.1", "npm-run-path": "^6.0.0", "pretty-ms": "^9.2.0", "signal-exit": "^4.1.0", "strip-final-newline": "^4.0.0", "yoctocolors": "^2.1.1" } }, "sha512-9Be3ZoN4LmYR90tUoVu2te2BsbzHfhJyfEiAVfz7N5/zv+jduIfLrV2xdQXOHbaD6KgpGdO9PRPM1Y4Q9QkPkA=="],

    "fetch-blob": ["fetch-blob@3.2.0", "", { "dependencies": { "node-domexception": "^1.0.0", "web-streams-polyfill": "^3.0.3" } }, "sha512-7yAQpD2UMJzLi1Dqv7qFYnPbaPx7ZfFK6PiIxQ4PfkGPyNyl2Ugx+a/umUonmKqjhM4DnfbMvdX6otXq83soQQ=="],

    "figures": ["figures@6.1.0", "", { "dependencies": { "is-unicode-supported": "^2.0.0" } }, "sha512-d+l3qxjSesT4V7v2fh+QnmFnUWv9lSpjarhShNTgBOfA0ttejbQUAlHLitbjkoRiDulW0OPoQPYIGhIC8ohejg=="],

    "form-data": ["form-data@4.0.6", "", { "dependencies": { "asynckit": "^0.4.0", "combined-stream": "^1.0.8", "es-set-tostringtag": "^2.1.0", "hasown": "^2.0.4", "mime-types": "^2.1.35" } }, "sha512-vKatAh4SlVfgbv+YtmhiRjhEMJsYpsG1Y2rMQtR+SVSbytsSD1YGzDIcrAJmdFec88u/+VoGmxnl+80gL1tRCQ=="],

    "formdata-polyfill": ["formdata-polyfill@4.0.10", "", { "dependencies": { "fetch-blob": "^3.1.2" } }, "sha512-buewHzMvYL29jdeQTVILecSaZKnt/RJWjoZCF5OW60Z67/GmSLBkOFM7qh1PI3zFNtJbaZL5eQu1vLfazOwj4g=="],

    "function-bind": ["function-bind@1.1.2", "", {}, "sha512-7XHNxH7qX9xG5mIwxkhumTox/MIRNcOgDrxWsMt2pAr23WHp6MrRlN7FBSFpCpr+oVO0F744iUgR82nJMfG2SA=="],

    "get-caller-file": ["get-caller-file@2.0.5", "", {}, "sha512-DyFP3BM/3YHTQOCUL/w0OZHR0lpKeGrxotcHWcqNEdnltqFwXVfhEBQ94eIo34AfQpo0rGki4cyIiftY06h2Fg=="],

    "get-intrinsic": ["get-intrinsic@1.3.0", "", { "dependencies": { "call-bind-apply-helpers": "^1.0.2", "es-define-property": "^1.0.1", "es-errors": "^1.3.0", "es-object-atoms": "^1.1.1", "function-bind": "^1.1.2", "get-proto": "^1.0.1", "gopd": "^1.2.0", "has-symbols": "^1.1.0", "hasown": "^2.0.2", "math-intrinsics": "^1.1.0" } }, "sha512-9fSjSaos/fRIVIp+xSJlE6lfwhES7LNtKaCBIamHsjr2na1BiABJPo0mOjjz8GJDURarmCPGqaiVg5mfjb98CQ=="],

    "get-proto": ["get-proto@1.0.1", "", { "dependencies": { "dunder-proto": "^1.0.1", "es-object-atoms": "^1.0.0" } }, "sha512-sTSfBjoXBp89JvIKIefqw7U2CCebsc74kiY6awiGogKtoSGbgjYE/G/+l9sF3MWFPNc9IcoOC4ODfKHfxFmp0g=="],

    "get-stream": ["get-stream@9.0.1", "", { "dependencies": { "@sec-ant/readable-stream": "^0.4.1", "is-stream": "^4.0.1" } }, "sha512-kVCxPF3vQM/N0B1PmoqVUqgHP+EeVjmZSQn+1oCRPxd2P21P2F19lIgbR3HBosbB1PUhOAoctJnfEn2GbN2eZA=="],

    "gopd": ["gopd@1.2.0", "", {}, "sha512-ZUKRh6/kUFoAiTAtTYPZJ3hw9wNxx+BIBOijnlG9PnrJsCcSjs1wyyD6vJpaYtgnzDrKYRSqf3OO6Rfa93xsRg=="],

    "graphql": ["graphql@16.14.2", "", {}, "sha512-Chq1s4CY7jmh8gO2qvLIJyfCDIN+EHLFW/9iShnp1z8FjBQMoodWP1kDC36VAMXXIvAjj4ARa7ntfAV2BrjsbA=="],

    "graphql-request": ["graphql-request@7.4.0", "", { "dependencies": { "@graphql-typed-document-node/core": "^3.2.0" }, "peerDependencies": { "graphql": "14 - 16" } }, "sha512-xfr+zFb/QYbs4l4ty0dltqiXIp07U6sl+tOKAb0t50/EnQek6CVVBLjETXi+FghElytvgaAWtIOt3EV7zLzIAQ=="],

    "graphql-tag": ["graphql-tag@2.12.7", "", { "dependencies": { "tslib": "^2.1.0" }, "peerDependencies": { "graphql": "^0.9.0 || ^0.10.0 || ^0.11.0 || ^0.12.0 || ^0.13.0 || ^14.0.0 || ^15.0.0 || ^16.0.0 || ^17.0.0" } }, "sha512-xnE/NFzy+0eIesvAsREJZ284zTl/wYuBAvpsFSDhRGRdRHdnE90M21Q3xAWyYInb0J756c6x0pIQ62+vtvOs1Q=="],

    "has-symbols": ["has-symbols@1.1.0", "", {}, "sha512-1cDNdwJ2Jaohmb3sg4OmKaMBwuC48sYni5HUw2DvsC8LjGTLK9h+eb1X6RyuOHe4hT0ULCW68iomhjUoKUqlPQ=="],

    "has-tostringtag": ["has-tostringtag@1.0.2", "", { "dependencies": { "has-symbols": "^1.0.3" } }, "sha512-NqADB8VjPFLM2V0VvHUewwwsw0ZWBaIdgo+ieHtK3hasLz4qeCRjYcqfB6AQrBggRKppKF8L52/VqdVsO47Dlw=="],

    "hasown": ["hasown@2.0.4", "", { "dependencies": { "function-bind": "^1.1.2" } }, "sha512-T2UbfbBEF32wiepXIsMlTW9+dDYC6wMh/t/vYA4tuOMKqWz/n3vr1NFSxQiyP+zk2mXsoMA/i/7qV6LKut1t1A=="],

    "hexer": ["hexer@1.5.0", "", { "dependencies": { "ansi-color": "^0.2.1", "minimist": "^1.1.0", "process": "^0.10.0", "xtend": "^4.0.0" }, "bin": { "hexer": "./cli.js" } }, "sha512-dyrPC8KzBzUJ19QTIo1gXNqIISRXQ0NwteW6OeQHRN4ZuZeHkdODfj0zHBdOlHbRY8GqbqK57C9oWSvQZizFsg=="],

    "human-signals": ["human-signals@8.0.1", "", {}, "sha512-eKCa6bwnJhvxj14kZk5NCPc6Hb6BdsU9DZcOnmQKSnO1VKrfV0zCvtttPZUsBvjmNDn8rpcJfpwSYnHBjc95MQ=="],

    "import-in-the-middle": ["import-in-the-middle@2.0.6", "", { "dependencies": { "acorn": "^8.15.0", "acorn-import-attributes": "^1.9.5", "cjs-module-lexer": "^2.2.0", "module-details-from-path": "^1.0.4" } }, "sha512-3vZV3jX0XRFW3EJDTwzWoZa+RH1b8eTTx6YOCjglrLyPuepwoBti1k3L2dKwdCUrnVEfc5CuRuGstaC/uQJJaw=="],

    "is-fullwidth-code-point": ["is-fullwidth-code-point@3.0.0", "", {}, "sha512-zymm5+u+sCsSWyD9qNaejV3DFvhCKclKdizYaJUuHA83RLjb7nSuGnddCHGv0hk+KY7BMAlsWeK4Ueg6EV6XQg=="],

    "is-plain-obj": ["is-plain-obj@4.1.0", "", {}, "sha512-+Pgi+vMuUNkJyExiMBt5IlFoMyKnr5zhJ4Uspz58WOhBF5QoIZkFyNHIbBAtHwzVAgk5RtndVNsDRN61/mmDqg=="],

    "is-stream": ["is-stream@4.0.1", "", {}, "sha512-Dnz92NInDqYckGEUJv689RbRiTSEHCQ7wOVeALbkOz999YpqT46yMRIGtSNl2iCL1waAZSx40+h59NV/EwzV/A=="],

    "is-unicode-supported": ["is-unicode-supported@2.1.0", "", {}, "sha512-mE00Gnza5EEB3Ds0HfMyllZzbBrmLOX3vfWoj9A9PEnTfratQ/BcaJOuMhnkhjXvb2+FkY3VuHqtAGpTPmglFQ=="],

    "isexe": ["isexe@2.0.0", "", {}, "sha512-RHxMLp9lnKHGHRng9QFhRCMbYAcVpn69smSGcq3f36xjgVVWThj4qqLbTLlq7Ssj8B+fIQ1EuCEGI2lKsyQeIw=="],

    "jaeger-client": ["jaeger-client@3.19.0", "", { "dependencies": { "node-int64": "^0.4.0", "opentracing": "^0.14.4", "thriftrw": "^3.5.0", "uuid": "^8.3.2", "xorshift": "^1.1.1" } }, "sha512-M0c7cKHmdyEUtjemnJyx/y9uX16XHocL46yQvyqDlPdvAcwPDbHrIbKjQdBqtiE4apQ/9dmr+ZLJYYPGnurgpw=="],

    "lodash.camelcase": ["lodash.camelcase@4.3.0", "", {}, "sha512-TwuEnCnxbc3rAvhf/LbG7tJUDzhqXyFnv3dtzLOPgCG/hODL7WFnsbwktkD7yUV0RrreP/l1PALq/YSg6VvjlA=="],

    "long": ["long@5.3.2", "", {}, "sha512-mNAgZ1GmyNhD7AuqnTG3/VQ26o760+ZYBPKjPvugO8+nLbYfX6TVpJPseBvopbdY+qpZ/lKUnmEc1LeZYS3QAA=="],

    "math-intrinsics": ["math-intrinsics@1.1.0", "", {}, "sha512-/IXtbwEk5HTPyEwyKX6hGkYXxM9nbj64B+ilVJnC/R6B0pH5G4V3b0pVbL7DBj4tkhBAppbQUlf6F6Xl9LHu1g=="],

    "mime-db": ["mime-db@1.52.0", "", {}, "sha512-sPU4uV7dYlvtWJxwwxHD0PuihVNiE7TyAbQ5SWxDCB9mUYvOgroQOwYQQOKPJ8CIbE+1ETVlOoK1UC2nU3gYvg=="],

    "mime-types": ["mime-types@2.1.35", "", { "dependencies": { "mime-db": "1.52.0" } }, "sha512-ZDY+bPm5zTTF+YpCrAU9nK0UgICYPT0QtT1NZWFv4s++TNkcgVaT0g6+4R2uI4MjQjzysHB1zxuWL50hzaeXiw=="],

    "minimist": ["minimist@1.2.8", "", {}, "sha512-2yyAR8qBkN3YuheJanUpWC5U3bb5osDywNB8RzDVlDwDHbocAJveqqj1u8+SVD7jkWT4yvsHCpWqqWqAxb0zCA=="],

    "minipass": ["minipass@7.1.3", "", {}, "sha512-tEBHqDnIoM/1rXME1zgka9g6Q2lcoCkxHLuc7ODJ5BxbP5d4c2Z5cGgtXAku59200Cx7diuHTOYfSBD8n6mm8A=="],

    "minizlib": ["minizlib@3.1.0", "", { "dependencies": { "minipass": "^7.1.2" } }, "sha512-KZxYo1BUkWD2TVFLr0MQoM8vUUigWD3LlD83a/75BqC+4qE0Hb1Vo5v1FgcfaNXvfXzr+5EhQ6ing/CaBijTlw=="],

    "module-details-from-path": ["module-details-from-path@1.0.4", "", {}, "sha512-EGWKgxALGMgzvxYF1UyGTy0HXX/2vHLkw6+NvDKW2jypWbHpjQuj4UMcqQWXHERJhVGKikolT06G3bcKe4fi7w=="],

    "ms": ["ms@2.1.3", "", {}, "sha512-6FlzubTLZG3J2a/NVCAleEhjzq5oxgHyaCU9yYXvcLsvoVaHJq/s5xXI6/XXP6tz7R9xAOtHnSO/tXtF3WRTlA=="],

    "node-color-log": ["node-color-log@13.0.3", "", {}, "sha512-jo63r0BDDFWicjnK9WDLkXCjpmG+0MsNOntfM7WGKEDUzyLRHKnGsxL8Tu0Z0c8XGe5RP2zieI2uC7Rsn9YAjw=="],

    "node-domexception": ["node-domexception@1.0.0", "", {}, "sha512-/jKZoMpw0F8GRwl4/eLROPA3cfcXtLApP0QzLmUT/HuPCZWyB7IY9ZrMeKw2O/nFIqPQB3PVM9aYm0F312AXDQ=="],

    "node-fetch": ["node-fetch@3.3.2", "", { "dependencies": { "data-uri-to-buffer": "^4.0.0", "fetch-blob": "^3.1.4", "formdata-polyfill": "^4.0.10" } }, "sha512-dRB78srN/l6gqWulah9SrxeYnxeddIG30+GOqK/9OlLVyLg3HPnr6SqOWTWOXKRwC2eGYCkZ59NNuSgvSrpgOA=="],

    "node-int64": ["node-int64@0.4.0", "", {}, "sha512-O5lz91xSOeoXP6DulyHfllpq+Eg00MWitZIbtPfoSEvqIHdl5gfcY6hYzDWnj0qD5tz52PI08u9qUvSVeUBeHw=="],

    "npm-run-path": ["npm-run-path@6.0.0", "", { "dependencies": { "path-key": "^4.0.0", "unicorn-magic": "^0.3.0" } }, "sha512-9qny7Z9DsQU8Ou39ERsPU4OZQlSTP47ShQzuKZ6PRXpYLtIFgl/DEBYEXKlvcEa+9tHVcK8CF81Y2V72qaZhWA=="],

    "opentracing": ["opentracing@0.14.7", "", {}, "sha512-vz9iS7MJ5+Bp1URw8Khvdyw1H/hGvzHWlKQ7eRrQojSCDL1/SrWfrY9QebLw97n2deyRtzHRC3MkQfVNUCo91Q=="],

    "parse-ms": ["parse-ms@4.0.0", "", {}, "sha512-TXfryirbmq34y8QBwgqCVLi+8oA3oWx2eAnSn62ITyEhEYaWRlVZ2DvMM9eZbMs/RfxPu/PK/aBLyGj4IrqMHw=="],

    "path-key": ["path-key@3.1.1", "", {}, "sha512-ojmeN0qd+y0jszEtoY48r0Peq5dwMEkIlCOu6Q5f41lfkswXuKtYrhgoTpLnyIcHm24Uhqx+5Tqm2InSwLhE6Q=="],

    "pretty-ms": ["pretty-ms@9.3.1", "", { "dependencies": { "parse-ms": "^4.0.0" } }, "sha512-HzMy3Geq23nVALD/M2LliU+F+M+gVNsvkQWWqeBZ8HDiCgzo6YPJ/Omrmtq24EFrIsk0a3EkQGEd7bDOo+IhGA=="],

    "process": ["process@0.10.1", "", {}, "sha512-dyIett8dgGIZ/TXKUzeYExt7WA6ldDzys9vTDU/cCA9L17Ypme+KzS+NjQCjpn9xsvi/shbMC+yP/BcFMBz0NA=="],

    "protobufjs": ["protobufjs@7.6.6", "", { "dependencies": { "@protobufjs/aspromise": "^1.1.2", "@protobufjs/base64": "^1.1.2", "@protobufjs/codegen": "^2.0.5", "@protobufjs/eventemitter": "^1.1.1", "@protobufjs/fetch": "^1.1.1", "@protobufjs/float": "^1.0.2", "@protobufjs/path": "^1.1.2", "@protobufjs/pool": "^1.1.0", "@protobufjs/utf8": "^1.1.1", "@types/node": ">=13.7.0", "long": "^5.3.2" } }, "sha512-dYDWdjSl5RNb7SgPxGQcRU+GtvP7s2fpkrY0r432PcOIaZ0/rBcxEZnQN67iJhFuQiVw754JDoPruPCNdGsbjg=="],

    "reflect-metadata": ["reflect-metadata@0.2.2", "", {}, "sha512-urBwgfrvVP/eAyXx4hluJivBKzuEbSQs9rKWCrCkbSxNv8mxPcUZKeuoF3Uy4mJl3Lwprp6yy5/39VWigZ4K6Q=="],

    "require-directory": ["require-directory@2.1.1", "", {}, "sha512-fGxEI7+wsG9xrvdjsrlmL22OMTTiHRwAMroiEeMgq8gzoLC/PQr7RsRDSTLUg/bZAZtF+TVIkHc6/4RIKrui+Q=="],

    "require-in-the-middle": ["require-in-the-middle@8.0.1", "", { "dependencies": { "debug": "^4.3.5", "module-details-from-path": "^1.0.3" } }, "sha512-QT7FVMXfWOYFbeRBF6nu+I6tr2Tf3u0q8RIEjNob/heKY/nh7drD/k7eeMFmSQgnTtCzLDcCu/XEnpW2wk4xCQ=="],

    "shebang-command": ["shebang-command@2.0.0", "", { "dependencies": { "shebang-regex": "^3.0.0" } }, "sha512-kHxr2zZpYtdmrN1qDjrrX/Z1rR1kG8Dx+gkpK1G4eXmvXswmcE1hTWBWYUzlraYw1/yZp6YuDY77YtvbN0dmDA=="],

    "shebang-regex": ["shebang-regex@3.0.0", "", {}, "sha512-7++dFhtcx3353uBaq8DDR4NuxBetBzC7ZQOhmTQInHEd6bSrXdiEyzCvG07Z44UYdLShWUyXt5M/yhz8ekcb1A=="],

    "signal-exit": ["signal-exit@4.1.0", "", {}, "sha512-bzyZ1e88w9O1iNJbKnOlvYTrWPDl46O1bG0D3XInv+9tkPrxrN8jUUTiFlDkkmKWgn1M6CfIA13SuGqOa9Korw=="],

    "string-template": ["string-template@0.2.1", "", {}, "sha512-Yptehjogou2xm4UJbxJ4CxgZx12HBfeystp0y3x7s4Dj32ltVVG1Gg8YhKjHZkHicuKpZX/ffilA8505VbUbpw=="],

    "string-width": ["string-width@4.2.3", "", { "dependencies": { "emoji-regex": "^8.0.0", "is-fullwidth-code-point": "^3.0.0", "strip-ansi": "^6.0.1" } }, "sha512-wKyQRQpjJ0sIp62ErSZdGsjMJWsap5oRNihHhu6G7JVO/9jIB6UyevL+tXuOqrng8j/cxKTWyWUwvSTriiZz/g=="],

    "strip-ansi": ["strip-ansi@6.0.1", "", { "dependencies": { "ansi-regex": "^5.0.1" } }, "sha512-Y38VPSHcqkFrCpFnQ9vuSXmquuv5oXOKpGeT6aGrr3o3Gc9AlVa6JBfUSOCnbxGGZF+/0ooI7KrPuUSztUdU5A=="],

    "strip-final-newline": ["strip-final-newline@4.0.0", "", {}, "sha512-aulFJcD6YK8V1G7iRB5tigAP4TsHBZZrOV8pjV++zdUwmeV8uzbY7yn6h9MswN62adStNZFuCIx4haBnRuMDaw=="],

    "tar": ["tar@7.5.22", "", { "dependencies": { "@isaacs/fs-minipass": "^4.0.0", "chownr": "^3.0.0", "minipass": "^7.1.2", "minizlib": "^3.1.0", "yallist": "^5.0.0" } }, "sha512-MFO/QzvtAOmJbkhOaCTvbGcFN9L9b+JunIsDwaKljSOdcLMea3NJ1k9Usz/rjdfSXTq4dfzfeS7W4p4YOAAHeA=="],

    "thriftrw": ["thriftrw@3.11.4", "", { "dependencies": { "bufrw": "^1.2.1", "error": "7.0.2", "long": "^2.4.0" }, "bin": { "thrift2json": "thrift2json.js" } }, "sha512-UcuBd3eanB3T10nXWRRMwfwoaC6VMk7qe3/5YIWP2Jtw+EbHqJ0p1/K3x8ixiR5dozKSSfcg1W+0e33G1Di3XA=="],

    "tslib": ["tslib@2.8.1", "", {}, "sha512-oJFu94HQb+KVduSUQL7wnpmqnfmLsOA/nAh6b6EH0wCEoK0/mPeXU6c3wKDV83MkOuHPRHtSXKKU99IBazS/2w=="],

    "typescript": ["typescript@5.9.3", "", { "bin": { "tsc": "bin/tsc", "tsserver": "bin/tsserver" } }, "sha512-jl1vZzPDinLr9eUt3J/t7V6FgNEw9QjvBPdysz9KfQDD41fQrC2Y4vKQdiaUpFT4bXlb1RHhLpp8wtm6M5TgSw=="],

    "undici-types": ["undici-types@8.3.0", "", {}, "sha512-j375ScV60dom+YkPFIfTLcOiPxkN/buHz5GobjLhixFuANaNs3C9l4GmrWqejgXWJ7BbJcFYpTEUkS1Ge8bpZQ=="],

    "unicorn-magic": ["unicorn-magic@0.3.0", "", {}, "sha512-+QBBXBCvifc56fsbuxZQ6Sic3wqqc3WWaqxs58gvJrcOuN83HGTCwz3oS5phzU9LthRNE9VrJCFCLUgHeeFnfA=="],

    "uuid": ["uuid@8.3.2", "", { "bin": { "uuid": "dist/bin/uuid" } }, "sha512-+NYs2QeMWy+GWFOEm9xnn6HCDp0l7QBD7ml8zLUmJ+93Q5NF0NocErnwkTkXVFNiX3/fpC6afS8Dhb/gz7R7eg=="],

    "web-streams-polyfill": ["web-streams-polyfill@3.3.3", "", {}, "sha512-d2JWLCivmZYTSIoge9MsgFCZrt571BikcWGYkjC1khllbTeDlGqZ2D8vD8E/lJa8WGWbb7Plm8/XJYV7IJHZZw=="],

    "which": ["which@2.0.2", "", { "dependencies": { "isexe": "^2.0.0" }, "bin": { "node-which": "./bin/node-which" } }, "sha512-BLI3Tl1TW3Pvl70l3yq3Y64i+awpwXqsGBYWkkqMtnbXgrMD+yj7rhW0kuEDxzJaYXGjEW5ogapKNMEKNMjibA=="],

    "wrap-ansi": ["wrap-ansi@7.0.0", "", { "dependencies": { "ansi-styles": "^4.0.0", "string-width": "^4.1.0", "strip-ansi": "^6.0.0" } }, "sha512-YVGIj2kamLSTxw6NsZjoBxfSwsn0ycdesmc4p+Q21c5zPuZ1pl+NfxVdxPtdHvmNVOQ6XSYG4AUtyt/Fi7D16Q=="],

    "xorshift": ["xorshift@1.2.0", "", {}, "sha512-iYgNnGyeeJ4t6U11NpA/QiKy+PXn5Aa3Azg5qkwIFz1tBLllQrjjsk9yzD7IAK0naNU4JxdeDgqW9ov4u/hc4g=="],

    "xtend": ["xtend@4.0.2", "", {}, "sha512-LKYU1iAXJXUgAXn9URjiu+MWhyUXHsvfp7mcuYm9dSUKK0/CjtrUwFAxD82/mCWbtLsGjFIad0wIsod4zrTAEQ=="],

    "y18n": ["y18n@5.0.8", "", {}, "sha512-0pfFzegeDWJHJIAmTLRP2DwHjdF5s7jo9tuztdQxAhINCdvS+3nGINqPd00AphqJR/0LhANUS6/+7SCb98YOfA=="],

    "yallist": ["yallist@5.0.0", "", {}, "sha512-YgvUTfwqyc7UXVMrB+SImsVYSmTS8X/tSrtdNZMImM+n7+QTriRXyXim0mBrTXNeqzVF0KWGgHPeiyViFFrNDw=="],

    "yaml": ["yaml@2.9.0", "", { "bin": { "yaml": "bin.mjs" } }, "sha512-2AvhNX3mb8zd6Zy7INTtSpl1F15HW6Wnqj0srWlkKLcpYl/gMIMJiyuGq2KeI2YFxUPjdlB+3Lc10seMLtL4cA=="],

    "yargs": ["yargs@17.7.3", "", { "dependencies": { "cliui": "^8.0.1", "escalade": "^3.1.1", "get-caller-file": "^2.0.5", "require-directory": "^2.1.1", "string-width": "^4.2.3", "y18n": "^5.0.5", "yargs-parser": "^21.1.1" } }, "sha512-GZtjxm/J/4TSxuL3FNYjCmLktBTnIw/rVmKSIyKeYAZpmJB2ig9VauCC5xsa82GNKVKDAqpOn3KVzNt0zmrU0g=="],

    "yargs-parser": ["yargs-parser@21.1.1", "", {}, "sha512-tVpsJW7DdjecAiFpbIB1e3qxIQsE6NoPc5/eTdrbbIC4h0LVsWhnoa3g+m2HclBIujHzsxZ4VJVA+GUuc2/LBw=="],

    "yoctocolors": ["yoctocolors@2.2.0", "", {}, "sha512-xYqdZFUK/VYazNl/oCDYN+3WloWQwMfZxBoiNt6qNyk+xfOdi598muWE42rNZFp1kNOiqW936q5RhUdnpqElSg=="],

    "@opentelemetry/configuration/@opentelemetry/core": ["@opentelemetry/core@2.3.0", "", { "dependencies": { "@opentelemetry/semantic-conventions": "^1.29.0" }, "peerDependencies": { "@opentelemetry/api": ">=1.0.0 <1.10.0" } }, "sha512-PcmxJQzs31cfD0R2dE91YGFcLxOSN4Bxz7gez5UwSUjCai8BwH/GI5HchfVshHkWdTkUs0qcaPJgVHKXUp7I3A=="],

    "@opentelemetry/exporter-logs-otlp-grpc/@opentelemetry/core": ["@opentelemetry/core@2.3.0", "", { "dependencies": { "@opentelemetry/semantic-conventions": "^1.29.0" }, "peerDependencies": { "@opentelemetry/api": ">=1.0.0 <1.10.0" } }, "sha512-PcmxJQzs31cfD0R2dE91YGFcLxOSN4Bxz7gez5UwSUjCai8BwH/GI5HchfVshHkWdTkUs0qcaPJgVHKXUp7I3A=="],

    "@opentelemetry/exporter-logs-otlp-http/@opentelemetry/core": ["@opentelemetry/core@2.3.0", "", { "dependencies": { "@opentelemetry/semantic-conventions": "^1.29.0" }, "peerDependencies": { "@opentelemetry/api": ">=1.0.0 <1.10.0" } }, "sha512-PcmxJQzs31cfD0R2dE91YGFcLxOSN4Bxz7gez5UwSUjCai8BwH/GI5HchfVshHkWdTkUs0qcaPJgVHKXUp7I3A=="],

    "@opentelemetry/exporter-logs-otlp-proto/@opentelemetry/core": ["@opentelemetry/core@2.3.0", "", { "dependencies": { "@opentelemetry/semantic-conventions": "^1.29.0" }, "peerDependencies": { "@opentelemetry/api": ">=1.0.0 <1.10.0" } }, "sha512-PcmxJQzs31cfD0R2dE91YGFcLxOSN4Bxz7gez5UwSUjCai8BwH/GI5HchfVshHkWdTkUs0qcaPJgVHKXUp7I3A=="],

    "@opentelemetry/exporter-metrics-otlp-grpc/@opentelemetry/core": ["@opentelemetry/core@2.3.0", "", { "dependencies": { "@opentelemetry/semantic-conventions": "^1.29.0" }, "peerDependencies": { "@opentelemetry/api": ">=1.0.0 <1.10.0" } }, "sha512-PcmxJQzs31cfD0R2dE91YGFcLxOSN4Bxz7gez5UwSUjCai8BwH/GI5HchfVshHkWdTkUs0qcaPJgVHKXUp7I3A=="],

    "@opentelemetry/exporter-metrics-otlp-grpc/@opentelemetry/sdk-metrics": ["@opentelemetry/sdk-metrics@2.3.0", "", { "dependencies": { "@opentelemetry/core": "2.3.0", "@opentelemetry/resources": "2.3.0" }, "peerDependencies": { "@opentelemetry/api": ">=1.9.0 <1.10.0" } }, "sha512-P+bYQgJHf6hRKgsR7xDnbNPDP+x1DwGtse6gHAPZ/iwMGbtQPVvhyFK1lseow5o3kLxNEaQv4lDqAF/vpRdXxA=="],

    "@opentelemetry/exporter-metrics-otlp-http/@opentelemetry/core": ["@opentelemetry/core@2.3.0", "", { "dependencies": { "@opentelemetry/semantic-conventions": "^1.29.0" }, "peerDependencies": { "@opentelemetry/api": ">=1.0.0 <1.10.0" } }, "sha512-PcmxJQzs31cfD0R2dE91YGFcLxOSN4Bxz7gez5UwSUjCai8BwH/GI5HchfVshHkWdTkUs0qcaPJgVHKXUp7I3A=="],

    "@opentelemetry/exporter-metrics-otlp-http/@opentelemetry/sdk-metrics": ["@opentelemetry/sdk-metrics@2.3.0", "", { "dependencies": { "@opentelemetry/core": "2.3.0", "@opentelemetry/resources": "2.3.0" }, "peerDependencies": { "@opentelemetry/api": ">=1.9.0 <1.10.0" } }, "sha512-P+bYQgJHf6hRKgsR7xDnbNPDP+x1DwGtse6gHAPZ/iwMGbtQPVvhyFK1lseow5o3kLxNEaQv4lDqAF/vpRdXxA=="],

    "@opentelemetry/exporter-metrics-otlp-proto/@opentelemetry/core": ["@opentelemetry/core@2.3.0", "", { "dependencies": { "@opentelemetry/semantic-conventions": "^1.29.0" }, "peerDependencies": { "@opentelemetry/api": ">=1.0.0 <1.10.0" } }, "sha512-PcmxJQzs31cfD0R2dE91YGFcLxOSN4Bxz7gez5UwSUjCai8BwH/GI5HchfVshHkWdTkUs0qcaPJgVHKXUp7I3A=="],

    "@opentelemetry/exporter-metrics-otlp-proto/@opentelemetry/sdk-metrics": ["@opentelemetry/sdk-metrics@2.3.0", "", { "dependencies": { "@opentelemetry/core": "2.3.0", "@opentelemetry/resources": "2.3.0" }, "peerDependencies": { "@opentelemetry/api": ">=1.9.0 <1.10.0" } }, "sha512-P+bYQgJHf6hRKgsR7xDnbNPDP+x1DwGtse6gHAPZ/iwMGbtQPVvhyFK1lseow5o3kLxNEaQv4lDqAF/vpRdXxA=="],

    "@opentelemetry/exporter-prometheus/@opentelemetry/core": ["@opentelemetry/core@2.3.0", "", { "dependencies": { "@opentelemetry/semantic-conventions": "^1.29.0" }, "peerDependencies": { "@opentelemetry/api": ">=1.0.0 <1.10.0" } }, "sha512-PcmxJQzs31cfD0R2dE91YGFcLxOSN4Bxz7gez5UwSUjCai8BwH/GI5HchfVshHkWdTkUs0qcaPJgVHKXUp7I3A=="],

    "@opentelemetry/exporter-prometheus/@opentelemetry/sdk-metrics": ["@opentelemetry/sdk-metrics@2.3.0", "", { "dependencies": { "@opentelemetry/core": "2.3.0", "@opentelemetry/resources": "2.3.0" }, "peerDependencies": { "@opentelemetry/api": ">=1.9.0 <1.10.0" } }, "sha512-P+bYQgJHf6hRKgsR7xDnbNPDP+x1DwGtse6gHAPZ/iwMGbtQPVvhyFK1lseow5o3kLxNEaQv4lDqAF/vpRdXxA=="],

    "@opentelemetry/exporter-trace-otlp-grpc/@opentelemetry/core": ["@opentelemetry/core@2.3.0", "", { "dependencies": { "@opentelemetry/semantic-conventions": "^1.29.0" }, "peerDependencies": { "@opentelemetry/api": ">=1.0.0 <1.10.0" } }, "sha512-PcmxJQzs31cfD0R2dE91YGFcLxOSN4Bxz7gez5UwSUjCai8BwH/GI5HchfVshHkWdTkUs0qcaPJgVHKXUp7I3A=="],

    "@opentelemetry/exporter-trace-otlp-http/@opentelemetry/core": ["@opentelemetry/core@2.3.0", "", { "dependencies": { "@opentelemetry/semantic-conventions": "^1.29.0" }, "peerDependencies": { "@opentelemetry/api": ">=1.0.0 <1.10.0" } }, "sha512-PcmxJQzs31cfD0R2dE91YGFcLxOSN4Bxz7gez5UwSUjCai8BwH/GI5HchfVshHkWdTkUs0qcaPJgVHKXUp7I3A=="],

    "@opentelemetry/exporter-trace-otlp-proto/@opentelemetry/core": ["@opentelemetry/core@2.3.0", "", { "dependencies": { "@opentelemetry/semantic-conventions": "^1.29.0" }, "peerDependencies": { "@opentelemetry/api": ">=1.0.0 <1.10.0" } }, "sha512-PcmxJQzs31cfD0R2dE91YGFcLxOSN4Bxz7gez5UwSUjCai8BwH/GI5HchfVshHkWdTkUs0qcaPJgVHKXUp7I3A=="],

    "@opentelemetry/exporter-zipkin/@opentelemetry/core": ["@opentelemetry/core@2.3.0", "", { "dependencies": { "@opentelemetry/semantic-conventions": "^1.29.0" }, "peerDependencies": { "@opentelemetry/api": ">=1.0.0 <1.10.0" } }, "sha512-PcmxJQzs31cfD0R2dE91YGFcLxOSN4Bxz7gez5UwSUjCai8BwH/GI5HchfVshHkWdTkUs0qcaPJgVHKXUp7I3A=="],

    "@opentelemetry/otlp-exporter-base/@opentelemetry/core": ["@opentelemetry/core@2.3.0", "", { "dependencies": { "@opentelemetry/semantic-conventions": "^1.29.0" }, "peerDependencies": { "@opentelemetry/api": ">=1.0.0 <1.10.0" } }, "sha512-PcmxJQzs31cfD0R2dE91YGFcLxOSN4Bxz7gez5UwSUjCai8BwH/GI5HchfVshHkWdTkUs0qcaPJgVHKXUp7I3A=="],

    "@opentelemetry/otlp-grpc-exporter-base/@opentelemetry/core": ["@opentelemetry/core@2.3.0", "", { "dependencies": { "@opentelemetry/semantic-conventions": "^1.29.0" }, "peerDependencies": { "@opentelemetry/api": ">=1.0.0 <1.10.0" } }, "sha512-PcmxJQzs31cfD0R2dE91YGFcLxOSN4Bxz7gez5UwSUjCai8BwH/GI5HchfVshHkWdTkUs0qcaPJgVHKXUp7I3A=="],

    "@opentelemetry/otlp-transformer/@opentelemetry/core": ["@opentelemetry/core@2.3.0", "", { "dependencies": { "@opentelemetry/semantic-conventions": "^1.29.0" }, "peerDependencies": { "@opentelemetry/api": ">=1.0.0 <1.10.0" } }, "sha512-PcmxJQzs31cfD0R2dE91YGFcLxOSN4Bxz7gez5UwSUjCai8BwH/GI5HchfVshHkWdTkUs0qcaPJgVHKXUp7I3A=="],

    "@opentelemetry/otlp-transformer/@opentelemetry/sdk-metrics": ["@opentelemetry/sdk-metrics@2.3.0", "", { "dependencies": { "@opentelemetry/core": "2.3.0", "@opentelemetry/resources": "2.3.0" }, "peerDependencies": { "@opentelemetry/api": ">=1.9.0 <1.10.0" } }, "sha512-P+bYQgJHf6hRKgsR7xDnbNPDP+x1DwGtse6gHAPZ/iwMGbtQPVvhyFK1lseow5o3kLxNEaQv4lDqAF/vpRdXxA=="],

    "@opentelemetry/otlp-transformer/protobufjs": ["protobufjs@8.0.0", "", { "dependencies": { "@protobufjs/aspromise": "^1.1.2", "@protobufjs/base64": "^1.1.2", "@protobufjs/codegen": "^2.0.4", "@protobufjs/eventemitter": "^1.1.0", "@protobufjs/fetch": "^1.1.0", "@protobufjs/float": "^1.0.2", "@protobufjs/inquire": "^1.1.0", "@protobufjs/path": "^1.1.2", "@protobufjs/pool": "^1.1.0", "@protobufjs/utf8": "^1.1.0", "@types/node": ">=13.7.0", "long": "^5.0.0" } }, "sha512-jx6+sE9h/UryaCZhsJWbJtTEy47yXoGNYI4z8ZaRncM0zBKeRqjO2JEcOUYwrYGb1WLhXM1FfMzW3annvFv0rw=="],

    "@opentelemetry/propagator-b3/@opentelemetry/core": ["@opentelemetry/core@2.3.0", "", { "dependencies": { "@opentelemetry/semantic-conventions": "^1.29.0" }, "peerDependencies": { "@opentelemetry/api": ">=1.0.0 <1.10.0" } }, "sha512-PcmxJQzs31cfD0R2dE91YGFcLxOSN4Bxz7gez5UwSUjCai8BwH/GI5HchfVshHkWdTkUs0qcaPJgVHKXUp7I3A=="],

    "@opentelemetry/propagator-jaeger/@opentelemetry/core": ["@opentelemetry/core@2.3.0", "", { "dependencies": { "@opentelemetry/semantic-conventions": "^1.29.0" }, "peerDependencies": { "@opentelemetry/api": ">=1.0.0 <1.10.0" } }, "sha512-PcmxJQzs31cfD0R2dE91YGFcLxOSN4Bxz7gez5UwSUjCai8BwH/GI5HchfVshHkWdTkUs0qcaPJgVHKXUp7I3A=="],

    "@opentelemetry/resources/@opentelemetry/core": ["@opentelemetry/core@2.3.0", "", { "dependencies": { "@opentelemetry/semantic-conventions": "^1.29.0" }, "peerDependencies": { "@opentelemetry/api": ">=1.0.0 <1.10.0" } }, "sha512-PcmxJQzs31cfD0R2dE91YGFcLxOSN4Bxz7gez5UwSUjCai8BwH/GI5HchfVshHkWdTkUs0qcaPJgVHKXUp7I3A=="],

    "@opentelemetry/sdk-logs/@opentelemetry/core": ["@opentelemetry/core@2.3.0", "", { "dependencies": { "@opentelemetry/semantic-conventions": "^1.29.0" }, "peerDependencies": { "@opentelemetry/api": ">=1.0.0 <1.10.0" } }, "sha512-PcmxJQzs31cfD0R2dE91YGFcLxOSN4Bxz7gez5UwSUjCai8BwH/GI5HchfVshHkWdTkUs0qcaPJgVHKXUp7I3A=="],

    "@opentelemetry/sdk-metrics/@opentelemetry/resources": ["@opentelemetry/resources@2.10.0", "", { "dependencies": { "@opentelemetry/core": "2.10.0", "@opentelemetry/semantic-conventions": "^1.29.0" }, "peerDependencies": { "@opentelemetry/api": ">=1.3.0 <1.10.0" } }, "sha512-q6MMm2zhggzsHVNbabYwut+a6nbuQQe3URUoxaojM/8K1IBfwwPzvxIjNi2/lI1TFe+fMHMW9MWhrtDLEXEnkA=="],

    "@opentelemetry/sdk-node/@opentelemetry/core": ["@opentelemetry/core@2.3.0", "", { "dependencies": { "@opentelemetry/semantic-conventions": "^1.29.0" }, "peerDependencies": { "@opentelemetry/api": ">=1.0.0 <1.10.0" } }, "sha512-PcmxJQzs31cfD0R2dE91YGFcLxOSN4Bxz7gez5UwSUjCai8BwH/GI5HchfVshHkWdTkUs0qcaPJgVHKXUp7I3A=="],

    "@opentelemetry/sdk-node/@opentelemetry/sdk-metrics": ["@opentelemetry/sdk-metrics@2.3.0", "", { "dependencies": { "@opentelemetry/core": "2.3.0", "@opentelemetry/resources": "2.3.0" }, "peerDependencies": { "@opentelemetry/api": ">=1.9.0 <1.10.0" } }, "sha512-P+bYQgJHf6hRKgsR7xDnbNPDP+x1DwGtse6gHAPZ/iwMGbtQPVvhyFK1lseow5o3kLxNEaQv4lDqAF/vpRdXxA=="],

    "@opentelemetry/sdk-trace/@opentelemetry/resources": ["@opentelemetry/resources@2.10.0", "", { "dependencies": { "@opentelemetry/core": "2.10.0", "@opentelemetry/semantic-conventions": "^1.29.0" }, "peerDependencies": { "@opentelemetry/api": ">=1.3.0 <1.10.0" } }, "sha512-q6MMm2zhggzsHVNbabYwut+a6nbuQQe3URUoxaojM/8K1IBfwwPzvxIjNi2/lI1TFe+fMHMW9MWhrtDLEXEnkA=="],

    "@opentelemetry/sdk-trace-base/@opentelemetry/core": ["@opentelemetry/core@2.3.0", "", { "dependencies": { "@opentelemetry/semantic-conventions": "^1.29.0" }, "peerDependencies": { "@opentelemetry/api": ">=1.0.0 <1.10.0" } }, "sha512-PcmxJQzs31cfD0R2dE91YGFcLxOSN4Bxz7gez5UwSUjCai8BwH/GI5HchfVshHkWdTkUs0qcaPJgVHKXUp7I3A=="],

    "@opentelemetry/sdk-trace-node/@opentelemetry/core": ["@opentelemetry/core@2.3.0", "", { "dependencies": { "@opentelemetry/semantic-conventions": "^1.29.0" }, "peerDependencies": { "@opentelemetry/api": ">=1.0.0 <1.10.0" } }, "sha512-PcmxJQzs31cfD0R2dE91YGFcLxOSN4Bxz7gez5UwSUjCai8BwH/GI5HchfVshHkWdTkUs0qcaPJgVHKXUp7I3A=="],

    "npm-run-path/path-key": ["path-key@4.0.0", "", {}, "sha512-haREypq7xkM7ErfgIyA0z+Bj4AGKlMSdlQE2jvJo6huWD1EdkKYV+G/T4nq0YEF2vgTT8kqMFKo1uHn950r4SQ=="],

    "thriftrw/long": ["long@2.4.0", "", {}, "sha512-ijUtjmO/n2A5PaosNG9ZGDsQ3vxJg7ZW8vsY8Kp0f2yIZWhSJvjmegV7t+9RPQKxKrvj8yKGehhS+po14hPLGQ=="],
  }
}
